// !$*UTF8*$!
{
	archiveVersion = 1;
	classes = {
	};
	objectVersion = 56;
	objects = {

/* Begin PBXBuildFile section */
		D3C8F8672AAAAA1900B1B7A1 /* AppDelegate.swift in Sources */ = {isa = PBXBuildFile; fileRef = D3C8F8662AAAAA1900B1B7A1 /* AppDelegate.swift */; };
		D3C8F8692AAAAA1900B1B7A1 /* SceneDelegate.swift in Sources */ = {isa = PBXBuildFile; fileRef = D3C8F8682AAAAA1900B1B7A1 /* SceneDelegate.swift */; };
		D3C8F8702AAAAA1A00B1B7A1 /* Assets.xcassets in Resources */ = {isa = PBXBuildFile; fileRef = D3C8F86F2AAAAA1A00B1B7A1 /* Assets.xcassets */; };
		D3C8F8732AAAAA1A00B1B7A1 /* LaunchScreen.storyboard in Resources */ = {isa = PBXBuildFile; fileRef = D3C8F8712AAAAA1A00B1B7A1 /* LaunchScreen.storyboard */; };
		D3C8F87F2AAAADB500B1B7A1 /* localizable.strings in Resources */ = {isa = PBXBuildFile; fileRef = D3C8F87D2AAAADB500B1B7A1 /* localizable.strings */; };
		D3C8F8842AAAAE1100B1B7A1 /* NetworkConfig.plist in Resources */ = {isa = PBXBuildFile; fileRef = D3C8F8822AAAAE1100B1B7A1 /* NetworkConfig.plist */; };
		D3C8F8922AAAB02400B1B7A1 /* MJExtension.swift in Sources */ = {isa = PBXBuildFile; fileRef = D3C8F8882AAAB02400B1B7A1 /* MJExtension.swift */; };
		D3C8F8942AAAB02400B1B7A1 /* Notification+Extension.swift in Sources */ = {isa = PBXBuildFile; fileRef = D3C8F88A2AAAB02400B1B7A1 /* Notification+Extension.swift */; };
		D3C8F8962AAAB02400B1B7A1 /* NSDictionary+NSLog.m in Sources */ = {isa = PBXBuildFile; fileRef = D3C8F8902AAAB02400B1B7A1 /* NSDictionary+NSLog.m */; };
		D3C8F8AE2AAAB06400B1B7A1 /* BaseCollectionView.swift in Sources */ = {isa = PBXBuildFile; fileRef = D3C8F8992AAAB06400B1B7A1 /* BaseCollectionView.swift */; };
		D3C8F8AF2AAAB06400B1B7A1 /* BaseViewController.swift in Sources */ = {isa = PBXBuildFile; fileRef = D3C8F89A2AAAB06400B1B7A1 /* BaseViewController.swift */; };
		D3C8F8B02AAAB06400B1B7A1 /* BaseTableViewCell.swift in Sources */ = {isa = PBXBuildFile; fileRef = D3C8F89B2AAAB06400B1B7A1 /* BaseTableViewCell.swift */; };
		D3C8F8B22AAAB06400B1B7A1 /* BaseTools.swift in Sources */ = {isa = PBXBuildFile; fileRef = D3C8F89D2AAAB06400B1B7A1 /* BaseTools.swift */; };
		D3C8F8B42AAAB06400B1B7A1 /* BaseModel.swift in Sources */ = {isa = PBXBuildFile; fileRef = D3C8F89F2AAAB06400B1B7A1 /* BaseModel.swift */; };
		D3C8F8B52AAAB06400B1B7A1 /* BaseTableView.swift in Sources */ = {isa = PBXBuildFile; fileRef = D3C8F8A02AAAB06400B1B7A1 /* BaseTableView.swift */; };
		D3C8F8B62AAAB06400B1B7A1 /* BaseNavigationController.swift in Sources */ = {isa = PBXBuildFile; fileRef = D3C8F8A12AAAB06400B1B7A1 /* BaseNavigationController.swift */; };
		D3C8F8B72AAAB06400B1B7A1 /* MJAuthorize.swift in Sources */ = {isa = PBXBuildFile; fileRef = D3C8F8A32AAAB06400B1B7A1 /* MJAuthorize.swift */; };
		D3C8F8B82AAAB06400B1B7A1 /* MJAlertView.swift in Sources */ = {isa = PBXBuildFile; fileRef = D3C8F8A42AAAB06400B1B7A1 /* MJAlertView.swift */; };
		D3C8F8B92AAAB06400B1B7A1 /* MJTipView.swift in Sources */ = {isa = PBXBuildFile; fileRef = D3C8F8A52AAAB06400B1B7A1 /* MJTipView.swift */; };
		D3C8F8BB2AAAB06400B1B7A1 /* MJAutoScrollView.swift in Sources */ = {isa = PBXBuildFile; fileRef = D3C8F8A72AAAB06400B1B7A1 /* MJAutoScrollView.swift */; };
		D3C8F8BD2AAAB06400B1B7A1 /* MJBottomSheet.swift in Sources */ = {isa = PBXBuildFile; fileRef = D3C8F8A92AAAB06400B1B7A1 /* MJBottomSheet.swift */; };
		D3C8F8BE2AAAB06400B1B7A1 /* MJButton.swift in Sources */ = {isa = PBXBuildFile; fileRef = D3C8F8AA2AAAB06400B1B7A1 /* MJButton.swift */; };
		D3C8F8C02AAAB06400B1B7A1 /* BaseTabBarViewController.swift in Sources */ = {isa = PBXBuildFile; fileRef = D3C8F8AC2AAAB06400B1B7A1 /* BaseTabBarViewController.swift */; };
		D3C8F8C12AAAB06400B1B7A1 /* BaseView.swift in Sources */ = {isa = PBXBuildFile; fileRef = D3C8F8AD2AAAB06400B1B7A1 /* BaseView.swift */; };
		D3C8F8CB2AAAB16F00B1B7A1 /* MJLanguageManager.swift in Sources */ = {isa = PBXBuildFile; fileRef = D3C8F8C42AAAB16F00B1B7A1 /* MJLanguageManager.swift */; };
		D3C8F8CC2AAAB16F00B1B7A1 /* MJLocationManager.swift in Sources */ = {isa = PBXBuildFile; fileRef = D3C8F8C52AAAB16F00B1B7A1 /* MJLocationManager.swift */; };
		D3C8F8CD2AAAB16F00B1B7A1 /* MJBluetoothManager.swift in Sources */ = {isa = PBXBuildFile; fileRef = D3C8F8C62AAAB16F00B1B7A1 /* MJBluetoothManager.swift */; };
		D3C8F8CE2AAAB16F00B1B7A1 /* Common.swift in Sources */ = {isa = PBXBuildFile; fileRef = D3C8F8C72AAAB16F00B1B7A1 /* Common.swift */; };
		D3C8F8CF2AAAB16F00B1B7A1 /* MJMQTTManager.swift in Sources */ = {isa = PBXBuildFile; fileRef = D3C8F8C82AAAB16F00B1B7A1 /* MJMQTTManager.swift */; };
		D3C8F8D02AAAB16F00B1B7A1 /* APPKEY.swift in Sources */ = {isa = PBXBuildFile; fileRef = D3C8F8C92AAAB16F00B1B7A1 /* APPKEY.swift */; };
		D3C8F8D12AAAB16F00B1B7A1 /* AFNetwork.swift in Sources */ = {isa = PBXBuildFile; fileRef = D3C8F8CA2AAAB16F00B1B7A1 /* AFNetwork.swift */; };
		D3C8F8D62AAAB22E00B1B7A1 /* UserInformation.swift in Sources */ = {isa = PBXBuildFile; fileRef = D3C8F8D32AAAB22E00B1B7A1 /* UserInformation.swift */; };
		D3C8F8D72AAAB22E00B1B7A1 /* ATWorker.swift in Sources */ = {isa = PBXBuildFile; fileRef = D3C8F8D42AAAB22E00B1B7A1 /* ATWorker.swift */; };
		D3C8F8D82AAAB22E00B1B7A1 /* API.swift in Sources */ = {isa = PBXBuildFile; fileRef = D3C8F8D52AAAB22E00B1B7A1 /* API.swift */; };
		D3C8F8E52AAAB26400B1B7A1 /* BaseLoginViewController.swift in Sources */ = {isa = PBXBuildFile; fileRef = D3C8F8DA2AAAB26400B1B7A1 /* BaseLoginViewController.swift */; };
		D3C8F8E62AAAB26400B1B7A1 /* WelcomeViewController.swift in Sources */ = {isa = PBXBuildFile; fileRef = D3C8F8DB2AAAB26400B1B7A1 /* WelcomeViewController.swift */; };
		D3C8F8EA2AAAB26400B1B7A1 /* LoginModel.swift in Sources */ = {isa = PBXBuildFile; fileRef = D3C8F8E02AAAB26400B1B7A1 /* LoginModel.swift */; };
		D3C8F8EB2AAAB26400B1B7A1 /* APNsModel.swift in Sources */ = {isa = PBXBuildFile; fileRef = D3C8F8E12AAAB26400B1B7A1 /* APNsModel.swift */; };
		D3C8F8EC2AAAB26400B1B7A1 /* LoginViewController.swift in Sources */ = {isa = PBXBuildFile; fileRef = D3C8F8E22AAAB26400B1B7A1 /* LoginViewController.swift */; };
		D3C8F8F32AAAB34800B1B7A1 /* VehicleViewController.swift in Sources */ = {isa = PBXBuildFile; fileRef = D3C8F8F22AAAB34800B1B7A1 /* VehicleViewController.swift */; };
		D3C8F8F52AAAB35D00B1B7A1 /* NotificationViewController.swift in Sources */ = {isa = PBXBuildFile; fileRef = D3C8F8F42AAAB35D00B1B7A1 /* NotificationViewController.swift */; };
		D3C8F8F72AAAB36800B1B7A1 /* MineViewController.swift in Sources */ = {isa = PBXBuildFile; fileRef = D3C8F8F62AAAB36800B1B7A1 /* MineViewController.swift */; };
		D3C8F90D2AAAC12200B1B7A1 /* BabyToy.m in Sources */ = {isa = PBXBuildFile; fileRef = D3C8F8FD2AAAC12200B1B7A1 /* BabyToy.m */; };
		D3C8F90E2AAAC12200B1B7A1 /* BabyOptions.m in Sources */ = {isa = PBXBuildFile; fileRef = D3C8F9022AAAC12200B1B7A1 /* BabyOptions.m */; };
		D3C8F90F2AAAC12200B1B7A1 /* BabyCallback.m in Sources */ = {isa = PBXBuildFile; fileRef = D3C8F9032AAAC12200B1B7A1 /* BabyCallback.m */; };
		D3C8F9102AAAC12200B1B7A1 /* BabyPeripheralManager.m in Sources */ = {isa = PBXBuildFile; fileRef = D3C8F9042AAAC12200B1B7A1 /* BabyPeripheralManager.m */; };
		D3C8F9112AAAC12200B1B7A1 /* BabyCentralManager.m in Sources */ = {isa = PBXBuildFile; fileRef = D3C8F9052AAAC12200B1B7A1 /* BabyCentralManager.m */; };
		D3C8F9122AAAC12200B1B7A1 /* BabySpeaker.m in Sources */ = {isa = PBXBuildFile; fileRef = D3C8F9062AAAC12200B1B7A1 /* BabySpeaker.m */; };
		D3C8F9132AAAC12200B1B7A1 /* BabyRhythm.m in Sources */ = {isa = PBXBuildFile; fileRef = D3C8F9082AAAC12200B1B7A1 /* BabyRhythm.m */; };
		D3C8F9142AAAC12200B1B7A1 /* BabyBluetooth.m in Sources */ = {isa = PBXBuildFile; fileRef = D3C8F90A2AAAC12200B1B7A1 /* BabyBluetooth.m */; };
		D3C8F9152AAAC12200B1B7A1 /* BabyDefine.m in Sources */ = {isa = PBXBuildFile; fileRef = D3C8F90B2AAAC12200B1B7A1 /* BabyDefine.m */; };
		D3C8F9192AAAC9D600B1B7A1 /* ELDAlertView.swift in Sources */ = {isa = PBXBuildFile; fileRef = D3C8F9162AAAC9D600B1B7A1 /* ELDAlertView.swift */; };
		D3C8F91A2AAAC9D600B1B7A1 /* ELDPopView.swift in Sources */ = {isa = PBXBuildFile; fileRef = D3C8F9172AAAC9D600B1B7A1 /* ELDPopView.swift */; };
		D3C8F91B2AAAC9D600B1B7A1 /* ELDConnectionAlertView.swift in Sources */ = {isa = PBXBuildFile; fileRef = D3C8F9182AAAC9D600B1B7A1 /* ELDConnectionAlertView.swift */; };
		D3C8F91D2AAAECC400B1B7A1 /* mqttConfiguration.plist in Resources */ = {isa = PBXBuildFile; fileRef = D3C8F91C2AAAECC400B1B7A1 /* mqttConfiguration.plist */; };
		D3C8F92F2AAAF8FC00B1B7A1 /* Inter-Medium.ttf in Resources */ = {isa = PBXBuildFile; fileRef = D3C8F9232AAAF8FC00B1B7A1 /* Inter-Medium.ttf */; };
		D3C8F9302AAAF8FC00B1B7A1 /* Inter-Light.ttf in Resources */ = {isa = PBXBuildFile; fileRef = D3C8F9242AAAF8FC00B1B7A1 /* Inter-Light.ttf */; };
		D3C8F9312AAAF8FC00B1B7A1 /* Inter-Thin.ttf in Resources */ = {isa = PBXBuildFile; fileRef = D3C8F9252AAAF8FC00B1B7A1 /* Inter-Thin.ttf */; };
		D3C8F9322AAAF8FC00B1B7A1 /* Inter-Bold.ttf in Resources */ = {isa = PBXBuildFile; fileRef = D3C8F9262AAAF8FC00B1B7A1 /* Inter-Bold.ttf */; };
		D3C8F9332AAAF8FC00B1B7A1 /* Inter-Regular.ttf in Resources */ = {isa = PBXBuildFile; fileRef = D3C8F9272AAAF8FC00B1B7A1 /* Inter-Regular.ttf */; };
		D3C8F9342AAAF8FC00B1B7A1 /* Inter-ExtraBold.ttf in Resources */ = {isa = PBXBuildFile; fileRef = D3C8F9282AAAF8FC00B1B7A1 /* Inter-ExtraBold.ttf */; };
		D3C8F9352AAAF8FC00B1B7A1 /* Inter-ExtraLight.ttf in Resources */ = {isa = PBXBuildFile; fileRef = D3C8F9292AAAF8FC00B1B7A1 /* Inter-ExtraLight.ttf */; };
		D3C8F9362AAAF8FC00B1B7A1 /* Inter-Black.ttf in Resources */ = {isa = PBXBuildFile; fileRef = D3C8F92A2AAAF8FC00B1B7A1 /* Inter-Black.ttf */; };
		D3C8F9372AAAF8FC00B1B7A1 /* Inter-SemiBold.ttf in Resources */ = {isa = PBXBuildFile; fileRef = D3C8F92B2AAAF8FC00B1B7A1 /* Inter-SemiBold.ttf */; };
		F5B24A5039F8F064589449AD /* Pods_Anyfleet2310.framework in Frameworks */ = {isa = PBXBuildFile; fileRef = 3852896C3E40ED686D2EC686 /* Pods_Anyfleet2310.framework */; };
/* End PBXBuildFile section */

/* Begin PBXFileReference section */
		1C4DC8761CDA77FE81FFB16F /* Pods-Anyfleet2310.debug.xcconfig */ = {isa = PBXFileReference; includeInIndex = 1; lastKnownFileType = text.xcconfig; name = "Pods-Anyfleet2310.debug.xcconfig"; path = "Target Support Files/Pods-Anyfleet2310/Pods-Anyfleet2310.debug.xcconfig"; sourceTree = "<group>"; };
		3852896C3E40ED686D2EC686 /* Pods_Anyfleet2310.framework */ = {isa = PBXFileReference; explicitFileType = wrapper.framework; includeInIndex = 0; path = Pods_Anyfleet2310.framework; sourceTree = BUILT_PRODUCTS_DIR; };
		87DAC047B06A7B414F512287 /* Pods-Anyfleet2310.release.xcconfig */ = {isa = PBXFileReference; includeInIndex = 1; lastKnownFileType = text.xcconfig; name = "Pods-Anyfleet2310.release.xcconfig"; path = "Target Support Files/Pods-Anyfleet2310/Pods-Anyfleet2310.release.xcconfig"; sourceTree = "<group>"; };
		D3C8F8632AAAAA1900B1B7A1 /* Anyfleet2310.app */ = {isa = PBXFileReference; explicitFileType = wrapper.application; includeInIndex = 0; path = Anyfleet2310.app; sourceTree = BUILT_PRODUCTS_DIR; };
		D3C8F8662AAAAA1900B1B7A1 /* AppDelegate.swift */ = {isa = PBXFileReference; lastKnownFileType = sourcecode.swift; path = AppDelegate.swift; sourceTree = "<group>"; };
		D3C8F8682AAAAA1900B1B7A1 /* SceneDelegate.swift */ = {isa = PBXFileReference; lastKnownFileType = sourcecode.swift; path = SceneDelegate.swift; sourceTree = "<group>"; };
		D3C8F86F2AAAAA1A00B1B7A1 /* Assets.xcassets */ = {isa = PBXFileReference; lastKnownFileType = folder.assetcatalog; path = Assets.xcassets; sourceTree = "<group>"; };
		D3C8F8722AAAAA1A00B1B7A1 /* Base */ = {isa = PBXFileReference; lastKnownFileType = file.storyboard; name = Base; path = Base.lproj/LaunchScreen.storyboard; sourceTree = "<group>"; };
		D3C8F8742AAAAA1A00B1B7A1 /* Info.plist */ = {isa = PBXFileReference; lastKnownFileType = text.plist.xml; path = Info.plist; sourceTree = "<group>"; };
		D3C8F87A2AAAAD6B00B1B7A1 /* AnyTrek-Bridging-Header.h */ = {isa = PBXFileReference; fileEncoding = 4; lastKnownFileType = sourcecode.c.h; path = "AnyTrek-Bridging-Header.h"; sourceTree = "<group>"; };
		D3C8F87E2AAAADB500B1B7A1 /* en */ = {isa = PBXFileReference; lastKnownFileType = text.plist.strings; name = en; path = en.lproj/localizable.strings; sourceTree = "<group>"; };
		D3C8F8802AAAADBF00B1B7A1 /* zh-Hans */ = {isa = PBXFileReference; lastKnownFileType = text.plist.strings; name = "zh-Hans"; path = "zh-Hans.lproj/localizable.strings"; sourceTree = "<group>"; };
		D3C8F8822AAAAE1100B1B7A1 /* NetworkConfig.plist */ = {isa = PBXFileReference; fileEncoding = 4; lastKnownFileType = text.plist.xml; path = NetworkConfig.plist; sourceTree = "<group>"; };
		D3C8F8882AAAB02400B1B7A1 /* MJExtension.swift */ = {isa = PBXFileReference; fileEncoding = 4; lastKnownFileType = sourcecode.swift; path = MJExtension.swift; sourceTree = "<group>"; };
		D3C8F88A2AAAB02400B1B7A1 /* Notification+Extension.swift */ = {isa = PBXFileReference; fileEncoding = 4; lastKnownFileType = sourcecode.swift; path = "Notification+Extension.swift"; sourceTree = "<group>"; };
		D3C8F88C2AAAB02400B1B7A1 /* NSDictionary+NSLog.h */ = {isa = PBXFileReference; fileEncoding = 4; lastKnownFileType = sourcecode.c.h; path = "NSDictionary+NSLog.h"; sourceTree = "<group>"; };
		D3C8F8902AAAB02400B1B7A1 /* NSDictionary+NSLog.m */ = {isa = PBXFileReference; fileEncoding = 4; lastKnownFileType = sourcecode.c.objc; path = "NSDictionary+NSLog.m"; sourceTree = "<group>"; };
		D3C8F8992AAAB06400B1B7A1 /* BaseCollectionView.swift */ = {isa = PBXFileReference; fileEncoding = 4; lastKnownFileType = sourcecode.swift; path = BaseCollectionView.swift; sourceTree = "<group>"; };
		D3C8F89A2AAAB06400B1B7A1 /* BaseViewController.swift */ = {isa = PBXFileReference; fileEncoding = 4; lastKnownFileType = sourcecode.swift; path = BaseViewController.swift; sourceTree = "<group>"; };
		D3C8F89B2AAAB06400B1B7A1 /* BaseTableViewCell.swift */ = {isa = PBXFileReference; fileEncoding = 4; lastKnownFileType = sourcecode.swift; path = BaseTableViewCell.swift; sourceTree = "<group>"; };
		D3C8F89D2AAAB06400B1B7A1 /* BaseTools.swift */ = {isa = PBXFileReference; fileEncoding = 4; lastKnownFileType = sourcecode.swift; path = BaseTools.swift; sourceTree = "<group>"; };
		D3C8F89F2AAAB06400B1B7A1 /* BaseModel.swift */ = {isa = PBXFileReference; fileEncoding = 4; lastKnownFileType = sourcecode.swift; path = BaseModel.swift; sourceTree = "<group>"; };
		D3C8F8A02AAAB06400B1B7A1 /* BaseTableView.swift */ = {isa = PBXFileReference; fileEncoding = 4; lastKnownFileType = sourcecode.swift; path = BaseTableView.swift; sourceTree = "<group>"; };
		D3C8F8A12AAAB06400B1B7A1 /* BaseNavigationController.swift */ = {isa = PBXFileReference; fileEncoding = 4; lastKnownFileType = sourcecode.swift; path = BaseNavigationController.swift; sourceTree = "<group>"; };
		D3C8F8A32AAAB06400B1B7A1 /* MJAuthorize.swift */ = {isa = PBXFileReference; fileEncoding = 4; lastKnownFileType = sourcecode.swift; path = MJAuthorize.swift; sourceTree = "<group>"; };
		D3C8F8A42AAAB06400B1B7A1 /* MJAlertView.swift */ = {isa = PBXFileReference; fileEncoding = 4; lastKnownFileType = sourcecode.swift; path = MJAlertView.swift; sourceTree = "<group>"; };
		D3C8F8A52AAAB06400B1B7A1 /* MJTipView.swift */ = {isa = PBXFileReference; fileEncoding = 4; lastKnownFileType = sourcecode.swift; path = MJTipView.swift; sourceTree = "<group>"; };
		D3C8F8A72AAAB06400B1B7A1 /* MJAutoScrollView.swift */ = {isa = PBXFileReference; fileEncoding = 4; lastKnownFileType = sourcecode.swift; path = MJAutoScrollView.swift; sourceTree = "<group>"; };
		D3C8F8A92AAAB06400B1B7A1 /* MJBottomSheet.swift */ = {isa = PBXFileReference; fileEncoding = 4; lastKnownFileType = sourcecode.swift; path = MJBottomSheet.swift; sourceTree = "<group>"; };
		D3C8F8AA2AAAB06400B1B7A1 /* MJButton.swift */ = {isa = PBXFileReference; fileEncoding = 4; lastKnownFileType = sourcecode.swift; path = MJButton.swift; sourceTree = "<group>"; };
		D3C8F8AC2AAAB06400B1B7A1 /* BaseTabBarViewController.swift */ = {isa = PBXFileReference; fileEncoding = 4; lastKnownFileType = sourcecode.swift; path = BaseTabBarViewController.swift; sourceTree = "<group>"; };
		D3C8F8AD2AAAB06400B1B7A1 /* BaseView.swift */ = {isa = PBXFileReference; fileEncoding = 4; lastKnownFileType = sourcecode.swift; path = BaseView.swift; sourceTree = "<group>"; };
		D3C8F8C42AAAB16F00B1B7A1 /* MJLanguageManager.swift */ = {isa = PBXFileReference; fileEncoding = 4; lastKnownFileType = sourcecode.swift; path = MJLanguageManager.swift; sourceTree = "<group>"; };
		D3C8F8C52AAAB16F00B1B7A1 /* MJLocationManager.swift */ = {isa = PBXFileReference; fileEncoding = 4; lastKnownFileType = sourcecode.swift; path = MJLocationManager.swift; sourceTree = "<group>"; };
		D3C8F8C62AAAB16F00B1B7A1 /* MJBluetoothManager.swift */ = {isa = PBXFileReference; fileEncoding = 4; lastKnownFileType = sourcecode.swift; path = MJBluetoothManager.swift; sourceTree = "<group>"; };
		D3C8F8C72AAAB16F00B1B7A1 /* Common.swift */ = {isa = PBXFileReference; fileEncoding = 4; lastKnownFileType = sourcecode.swift; path = Common.swift; sourceTree = "<group>"; };
		D3C8F8C82AAAB16F00B1B7A1 /* MJMQTTManager.swift */ = {isa = PBXFileReference; fileEncoding = 4; lastKnownFileType = sourcecode.swift; path = MJMQTTManager.swift; sourceTree = "<group>"; };
		D3C8F8C92AAAB16F00B1B7A1 /* APPKEY.swift */ = {isa = PBXFileReference; fileEncoding = 4; lastKnownFileType = sourcecode.swift; path = APPKEY.swift; sourceTree = "<group>"; };
		D3C8F8CA2AAAB16F00B1B7A1 /* AFNetwork.swift */ = {isa = PBXFileReference; fileEncoding = 4; lastKnownFileType = sourcecode.swift; path = AFNetwork.swift; sourceTree = "<group>"; };
		D3C8F8D32AAAB22E00B1B7A1 /* UserInformation.swift */ = {isa = PBXFileReference; fileEncoding = 4; lastKnownFileType = sourcecode.swift; path = UserInformation.swift; sourceTree = "<group>"; };
		D3C8F8D42AAAB22E00B1B7A1 /* ATWorker.swift */ = {isa = PBXFileReference; fileEncoding = 4; lastKnownFileType = sourcecode.swift; path = ATWorker.swift; sourceTree = "<group>"; };
		D3C8F8D52AAAB22E00B1B7A1 /* API.swift */ = {isa = PBXFileReference; fileEncoding = 4; lastKnownFileType = sourcecode.swift; path = API.swift; sourceTree = "<group>"; };
		D3C8F8DA2AAAB26400B1B7A1 /* BaseLoginViewController.swift */ = {isa = PBXFileReference; fileEncoding = 4; lastKnownFileType = sourcecode.swift; path = BaseLoginViewController.swift; sourceTree = "<group>"; };
		D3C8F8DB2AAAB26400B1B7A1 /* WelcomeViewController.swift */ = {isa = PBXFileReference; fileEncoding = 4; lastKnownFileType = sourcecode.swift; path = WelcomeViewController.swift; sourceTree = "<group>"; };
		D3C8F8E02AAAB26400B1B7A1 /* LoginModel.swift */ = {isa = PBXFileReference; fileEncoding = 4; lastKnownFileType = sourcecode.swift; path = LoginModel.swift; sourceTree = "<group>"; };
		D3C8F8E12AAAB26400B1B7A1 /* APNsModel.swift */ = {isa = PBXFileReference; fileEncoding = 4; lastKnownFileType = sourcecode.swift; path = APNsModel.swift; sourceTree = "<group>"; };
		D3C8F8E22AAAB26400B1B7A1 /* LoginViewController.swift */ = {isa = PBXFileReference; fileEncoding = 4; lastKnownFileType = sourcecode.swift; path = LoginViewController.swift; sourceTree = "<group>"; };
		D3C8F8F22AAAB34800B1B7A1 /* VehicleViewController.swift */ = {isa = PBXFileReference; lastKnownFileType = sourcecode.swift; path = VehicleViewController.swift; sourceTree = "<group>"; };
		D3C8F8F42AAAB35D00B1B7A1 /* NotificationViewController.swift */ = {isa = PBXFileReference; lastKnownFileType = sourcecode.swift; path = NotificationViewController.swift; sourceTree = "<group>"; };
		D3C8F8F62AAAB36800B1B7A1 /* MineViewController.swift */ = {isa = PBXFileReference; lastKnownFileType = sourcecode.swift; path = MineViewController.swift; sourceTree = "<group>"; };
		D3C8F8FB2AAAC12200B1B7A1 /* BabyRhythm.h */ = {isa = PBXFileReference; fileEncoding = 4; lastKnownFileType = sourcecode.c.h; path = BabyRhythm.h; sourceTree = "<group>"; };
		D3C8F8FC2AAAC12200B1B7A1 /* BabySpeaker.h */ = {isa = PBXFileReference; fileEncoding = 4; lastKnownFileType = sourcecode.c.h; path = BabySpeaker.h; sourceTree = "<group>"; };
		D3C8F8FD2AAAC12200B1B7A1 /* BabyToy.m */ = {isa = PBXFileReference; fileEncoding = 4; lastKnownFileType = sourcecode.c.objc; path = BabyToy.m; sourceTree = "<group>"; };
		D3C8F8FE2AAAC12200B1B7A1 /* BabyCentralManager.h */ = {isa = PBXFileReference; fileEncoding = 4; lastKnownFileType = sourcecode.c.h; path = BabyCentralManager.h; sourceTree = "<group>"; };
		D3C8F8FF2AAAC12200B1B7A1 /* BabyPeripheralManager.h */ = {isa = PBXFileReference; fileEncoding = 4; lastKnownFileType = sourcecode.c.h; path = BabyPeripheralManager.h; sourceTree = "<group>"; };
		D3C8F9002AAAC12200B1B7A1 /* BabyDefine.h */ = {isa = PBXFileReference; fileEncoding = 4; lastKnownFileType = sourcecode.c.h; path = BabyDefine.h; sourceTree = "<group>"; };
		D3C8F9012AAAC12200B1B7A1 /* BabyBluetooth.h */ = {isa = PBXFileReference; fileEncoding = 4; lastKnownFileType = sourcecode.c.h; path = BabyBluetooth.h; sourceTree = "<group>"; };
		D3C8F9022AAAC12200B1B7A1 /* BabyOptions.m */ = {isa = PBXFileReference; fileEncoding = 4; lastKnownFileType = sourcecode.c.objc; path = BabyOptions.m; sourceTree = "<group>"; };
		D3C8F9032AAAC12200B1B7A1 /* BabyCallback.m */ = {isa = PBXFileReference; fileEncoding = 4; lastKnownFileType = sourcecode.c.objc; path = BabyCallback.m; sourceTree = "<group>"; };
		D3C8F9042AAAC12200B1B7A1 /* BabyPeripheralManager.m */ = {isa = PBXFileReference; fileEncoding = 4; lastKnownFileType = sourcecode.c.objc; path = BabyPeripheralManager.m; sourceTree = "<group>"; };
		D3C8F9052AAAC12200B1B7A1 /* BabyCentralManager.m */ = {isa = PBXFileReference; fileEncoding = 4; lastKnownFileType = sourcecode.c.objc; path = BabyCentralManager.m; sourceTree = "<group>"; };
		D3C8F9062AAAC12200B1B7A1 /* BabySpeaker.m */ = {isa = PBXFileReference; fileEncoding = 4; lastKnownFileType = sourcecode.c.objc; path = BabySpeaker.m; sourceTree = "<group>"; };
		D3C8F9072AAAC12200B1B7A1 /* BabyToy.h */ = {isa = PBXFileReference; fileEncoding = 4; lastKnownFileType = sourcecode.c.h; path = BabyToy.h; sourceTree = "<group>"; };
		D3C8F9082AAAC12200B1B7A1 /* BabyRhythm.m */ = {isa = PBXFileReference; fileEncoding = 4; lastKnownFileType = sourcecode.c.objc; path = BabyRhythm.m; sourceTree = "<group>"; };
		D3C8F9092AAAC12200B1B7A1 /* BabyOptions.h */ = {isa = PBXFileReference; fileEncoding = 4; lastKnownFileType = sourcecode.c.h; path = BabyOptions.h; sourceTree = "<group>"; };
		D3C8F90A2AAAC12200B1B7A1 /* BabyBluetooth.m */ = {isa = PBXFileReference; fileEncoding = 4; lastKnownFileType = sourcecode.c.objc; path = BabyBluetooth.m; sourceTree = "<group>"; };
		D3C8F90B2AAAC12200B1B7A1 /* BabyDefine.m */ = {isa = PBXFileReference; fileEncoding = 4; lastKnownFileType = sourcecode.c.objc; path = BabyDefine.m; sourceTree = "<group>"; };
		D3C8F90C2AAAC12200B1B7A1 /* BabyCallback.h */ = {isa = PBXFileReference; fileEncoding = 4; lastKnownFileType = sourcecode.c.h; path = BabyCallback.h; sourceTree = "<group>"; };
		D3C8F9162AAAC9D600B1B7A1 /* ELDAlertView.swift */ = {isa = PBXFileReference; fileEncoding = 4; lastKnownFileType = sourcecode.swift; path = ELDAlertView.swift; sourceTree = "<group>"; };
		D3C8F9172AAAC9D600B1B7A1 /* ELDPopView.swift */ = {isa = PBXFileReference; fileEncoding = 4; lastKnownFileType = sourcecode.swift; path = ELDPopView.swift; sourceTree = "<group>"; };
		D3C8F9182AAAC9D600B1B7A1 /* ELDConnectionAlertView.swift */ = {isa = PBXFileReference; fileEncoding = 4; lastKnownFileType = sourcecode.swift; path = ELDConnectionAlertView.swift; sourceTree = "<group>"; };
		D3C8F91C2AAAECC400B1B7A1 /* mqttConfiguration.plist */ = {isa = PBXFileReference; fileEncoding = 4; lastKnownFileType = text.plist.xml; path = mqttConfiguration.plist; sourceTree = "<group>"; };
		D3C8F91E2AAAEE5700B1B7A1 /* Anyfleet2310.entitlements */ = {isa = PBXFileReference; fileEncoding = 4; lastKnownFileType = text.plist.entitlements; path = Anyfleet2310.entitlements; sourceTree = "<group>"; };
		D3C8F9232AAAF8FC00B1B7A1 /* Inter-Medium.ttf */ = {isa = PBXFileReference; lastKnownFileType = file; path = "Inter-Medium.ttf"; sourceTree = "<group>"; };
		D3C8F9242AAAF8FC00B1B7A1 /* Inter-Light.ttf */ = {isa = PBXFileReference; lastKnownFileType = file; path = "Inter-Light.ttf"; sourceTree = "<group>"; };
		D3C8F9252AAAF8FC00B1B7A1 /* Inter-Thin.ttf */ = {isa = PBXFileReference; lastKnownFileType = file; path = "Inter-Thin.ttf"; sourceTree = "<group>"; };
		D3C8F9262AAAF8FC00B1B7A1 /* Inter-Bold.ttf */ = {isa = PBXFileReference; lastKnownFileType = file; path = "Inter-Bold.ttf"; sourceTree = "<group>"; };
		D3C8F9272AAAF8FC00B1B7A1 /* Inter-Regular.ttf */ = {isa = PBXFileReference; lastKnownFileType = file; path = "Inter-Regular.ttf"; sourceTree = "<group>"; };
		D3C8F9282AAAF8FC00B1B7A1 /* Inter-ExtraBold.ttf */ = {isa = PBXFileReference; lastKnownFileType = file; path = "Inter-ExtraBold.ttf"; sourceTree = "<group>"; };
		D3C8F9292AAAF8FC00B1B7A1 /* Inter-ExtraLight.ttf */ = {isa = PBXFileReference; lastKnownFileType = file; path = "Inter-ExtraLight.ttf"; sourceTree = "<group>"; };
		D3C8F92A2AAAF8FC00B1B7A1 /* Inter-Black.ttf */ = {isa = PBXFileReference; lastKnownFileType = file; path = "Inter-Black.ttf"; sourceTree = "<group>"; };
		D3C8F92B2AAAF8FC00B1B7A1 /* Inter-SemiBold.ttf */ = {isa = PBXFileReference; lastKnownFileType = file; path = "Inter-SemiBold.ttf"; sourceTree = "<group>"; };
/* End PBXFileReference section */

/* Begin PBXFrameworksBuildPhase section */
		D3C8F8602AAAAA1900B1B7A1 /* Frameworks */ = {
			isa = PBXFrameworksBuildPhase;
			buildActionMask = 2147483647;
			files = (
				F5B24A5039F8F064589449AD /* Pods_Anyfleet2310.framework in Frameworks */,
			);
			runOnlyForDeploymentPostprocessing = 0;
		};
/* End PBXFrameworksBuildPhase section */

/* Begin PBXGroup section */
		41DF8CE72C468F3F1BA0DAB7 /* Frameworks */ = {
			isa = PBXGroup;
			children = (
				3852896C3E40ED686D2EC686 /* Pods_Anyfleet2310.framework */,
			);
			name = Frameworks;
			sourceTree = "<group>";
		};
		D3C8F85A2AAAAA1900B1B7A1 = {
			isa = PBXGroup;
			children = (
				D3C8F8652AAAAA1900B1B7A1 /* Anyfleet2310 */,
				D3C8F8642AAAAA1900B1B7A1 /* Products */,
				F51AA0F7DB2C00C7A0473AD9 /* Pods */,
				41DF8CE72C468F3F1BA0DAB7 /* Frameworks */,
			);
			sourceTree = "<group>";
		};
		D3C8F8642AAAAA1900B1B7A1 /* Products */ = {
			isa = PBXGroup;
			children = (
				D3C8F8632AAAAA1900B1B7A1 /* Anyfleet2310.app */,
			);
			name = Products;
			sourceTree = "<group>";
		};
		D3C8F8652AAAAA1900B1B7A1 /* Anyfleet2310 */ = {
			isa = PBXGroup;
			children = (
				D3C8F91E2AAAEE5700B1B7A1 /* Anyfleet2310.entitlements */,
				D3C8F8662AAAAA1900B1B7A1 /* AppDelegate.swift */,
				D3C8F8682AAAAA1900B1B7A1 /* SceneDelegate.swift */,
				D3C8F8862AAAB01400B1B7A1 /* Classes */,
				D3C8F8852AAAAE2200B1B7A1 /* Supporting File */,
			);
			path = Anyfleet2310;
			sourceTree = "<group>";
		};
		D3C8F8852AAAAE2200B1B7A1 /* Supporting File */ = {
			isa = PBXGroup;
			children = (
				D3C8F91F2AAAF8E400B1B7A1 /* InterFont */,
				D3C8F8822AAAAE1100B1B7A1 /* NetworkConfig.plist */,
				D3C8F91C2AAAECC400B1B7A1 /* mqttConfiguration.plist */,
				D3C8F87D2AAAADB500B1B7A1 /* localizable.strings */,
				D3C8F87A2AAAAD6B00B1B7A1 /* AnyTrek-Bridging-Header.h */,
				D3C8F86F2AAAAA1A00B1B7A1 /* Assets.xcassets */,
				D3C8F8712AAAAA1A00B1B7A1 /* LaunchScreen.storyboard */,
				D3C8F8742AAAAA1A00B1B7A1 /* Info.plist */,
			);
			path = "Supporting File";
			sourceTree = "<group>";
		};
		D3C8F8862AAAB01400B1B7A1 /* Classes */ = {
			isa = PBXGroup;
			children = (
				D3C8F8872AAAB02400B1B7A1 /* Extensions */,
				D3C8F8F92AAAC11500B1B7A1 /* Library */,
				D3C8F8982AAAB06400B1B7A1 /* BaseFiles */,
				D3C8F8C32AAAB16F00B1B7A1 /* Common */,
				D3C8F8C22AAAB15000B1B7A1 /* Modules */,
			);
			path = Classes;
			sourceTree = "<group>";
		};
		D3C8F8872AAAB02400B1B7A1 /* Extensions */ = {
			isa = PBXGroup;
			children = (
				D3C8F8882AAAB02400B1B7A1 /* MJExtension.swift */,
				D3C8F88A2AAAB02400B1B7A1 /* Notification+Extension.swift */,
				D3C8F88B2AAAB02400B1B7A1 /* ObjectC_Extensions */,
			);
			path = Extensions;
			sourceTree = "<group>";
		};
		D3C8F88B2AAAB02400B1B7A1 /* ObjectC_Extensions */ = {
			isa = PBXGroup;
			children = (
				D3C8F88C2AAAB02400B1B7A1 /* NSDictionary+NSLog.h */,
				D3C8F8902AAAB02400B1B7A1 /* NSDictionary+NSLog.m */,
			);
			path = ObjectC_Extensions;
			sourceTree = "<group>";
		};
		D3C8F8982AAAB06400B1B7A1 /* BaseFiles */ = {
			isa = PBXGroup;
			children = (
				D3C8F89A2AAAB06400B1B7A1 /* BaseViewController.swift */,
				D3C8F8A12AAAB06400B1B7A1 /* BaseNavigationController.swift */,
				D3C8F8AC2AAAB06400B1B7A1 /* BaseTabBarViewController.swift */,
				D3C8F89D2AAAB06400B1B7A1 /* BaseTools.swift */,
				D3C8F8AD2AAAB06400B1B7A1 /* BaseView.swift */,
				D3C8F89B2AAAB06400B1B7A1 /* BaseTableViewCell.swift */,
				D3C8F89F2AAAB06400B1B7A1 /* BaseModel.swift */,
				D3C8F8A02AAAB06400B1B7A1 /* BaseTableView.swift */,
				D3C8F8992AAAB06400B1B7A1 /* BaseCollectionView.swift */,
				D3C8F8A22AAAB06400B1B7A1 /* MJTools */,
			);
			path = BaseFiles;
			sourceTree = "<group>";
		};
		D3C8F8A22AAAB06400B1B7A1 /* MJTools */ = {
			isa = PBXGroup;
			children = (
				D3C8F8C42AAAB16F00B1B7A1 /* MJLanguageManager.swift */,
				D3C8F8C52AAAB16F00B1B7A1 /* MJLocationManager.swift */,
				D3C8F8C62AAAB16F00B1B7A1 /* MJBluetoothManager.swift */,
				D3C8F8C82AAAB16F00B1B7A1 /* MJMQTTManager.swift */,
				D3C8F8A52AAAB06400B1B7A1 /* MJTipView.swift */,
				D3C8F8A42AAAB06400B1B7A1 /* MJAlertView.swift */,
				D3C8F8A72AAAB06400B1B7A1 /* MJAutoScrollView.swift */,
				D3C8F8A92AAAB06400B1B7A1 /* MJBottomSheet.swift */,
				D3C8F8AA2AAAB06400B1B7A1 /* MJButton.swift */,
				D3C8F8A32AAAB06400B1B7A1 /* MJAuthorize.swift */,
				D3C8F9162AAAC9D600B1B7A1 /* ELDAlertView.swift */,
				D3C8F9182AAAC9D600B1B7A1 /* ELDConnectionAlertView.swift */,
				D3C8F9172AAAC9D600B1B7A1 /* ELDPopView.swift */,
			);
			path = MJTools;
			sourceTree = "<group>";
		};
		D3C8F8C22AAAB15000B1B7A1 /* Modules */ = {
			isa = PBXGroup;
			children = (
				D3C8F8D22AAAB22E00B1B7A1 /* ATWorker */,
				D3C8F8D92AAAB26400B1B7A1 /* Login */,
				D3C8F8EF2AAAB2F600B1B7A1 /* Vehicle */,
				D3C8F8F02AAAB30500B1B7A1 /* Notification */,
				D3C8F8F12AAAB31900B1B7A1 /* Mine */,
			);
			path = Modules;
			sourceTree = "<group>";
		};
		D3C8F8C32AAAB16F00B1B7A1 /* Common */ = {
			isa = PBXGroup;
			children = (
				D3C8F8C92AAAB16F00B1B7A1 /* APPKEY.swift */,
				D3C8F8CA2AAAB16F00B1B7A1 /* AFNetwork.swift */,
				D3C8F8C72AAAB16F00B1B7A1 /* Common.swift */,
			);
			path = Common;
			sourceTree = "<group>";
		};
		D3C8F8D22AAAB22E00B1B7A1 /* ATWorker */ = {
			isa = PBXGroup;
			children = (
				D3C8F8D52AAAB22E00B1B7A1 /* API.swift */,
				D3C8F8D42AAAB22E00B1B7A1 /* ATWorker.swift */,
				D3C8F8D32AAAB22E00B1B7A1 /* UserInformation.swift */,
			);
			path = ATWorker;
			sourceTree = "<group>";
		};
		D3C8F8D92AAAB26400B1B7A1 /* Login */ = {
			isa = PBXGroup;
			children = (
				D3C8F8DA2AAAB26400B1B7A1 /* BaseLoginViewController.swift */,
				D3C8F8DB2AAAB26400B1B7A1 /* WelcomeViewController.swift */,
				D3C8F8E22AAAB26400B1B7A1 /* LoginViewController.swift */,
				D3C8F8DF2AAAB26400B1B7A1 /* Model */,
			);
			path = Login;
			sourceTree = "<group>";
		};
		D3C8F8DF2AAAB26400B1B7A1 /* Model */ = {
			isa = PBXGroup;
			children = (
				D3C8F8E02AAAB26400B1B7A1 /* LoginModel.swift */,
				D3C8F8E12AAAB26400B1B7A1 /* APNsModel.swift */,
			);
			path = Model;
			sourceTree = "<group>";
		};
		D3C8F8EF2AAAB2F600B1B7A1 /* Vehicle */ = {
			isa = PBXGroup;
			children = (
				D3C8F8F22AAAB34800B1B7A1 /* VehicleViewController.swift */,
			);
			path = Vehicle;
			sourceTree = "<group>";
		};
		D3C8F8F02AAAB30500B1B7A1 /* Notification */ = {
			isa = PBXGroup;
			children = (
				D3C8F8F42AAAB35D00B1B7A1 /* NotificationViewController.swift */,
			);
			path = Notification;
			sourceTree = "<group>";
		};
		D3C8F8F12AAAB31900B1B7A1 /* Mine */ = {
			isa = PBXGroup;
			children = (
				D3C8F8F62AAAB36800B1B7A1 /* MineViewController.swift */,
			);
			path = Mine;
			sourceTree = "<group>";
		};
		D3C8F8F92AAAC11500B1B7A1 /* Library */ = {
			isa = PBXGroup;
			children = (
				D3C8F8FA2AAAC12200B1B7A1 /* babyBluetooth-bridging-for-swift */,
			);
			path = Library;
			sourceTree = "<group>";
		};
		D3C8F8FA2AAAC12200B1B7A1 /* babyBluetooth-bridging-for-swift */ = {
			isa = PBXGroup;
			children = (
				D3C8F9012AAAC12200B1B7A1 /* BabyBluetooth.h */,
				D3C8F90A2AAAC12200B1B7A1 /* BabyBluetooth.m */,
				D3C8F90C2AAAC12200B1B7A1 /* BabyCallback.h */,
				D3C8F9032AAAC12200B1B7A1 /* BabyCallback.m */,
				D3C8F8FE2AAAC12200B1B7A1 /* BabyCentralManager.h */,
				D3C8F9052AAAC12200B1B7A1 /* BabyCentralManager.m */,
				D3C8F9002AAAC12200B1B7A1 /* BabyDefine.h */,
				D3C8F90B2AAAC12200B1B7A1 /* BabyDefine.m */,
				D3C8F9092AAAC12200B1B7A1 /* BabyOptions.h */,
				D3C8F9022AAAC12200B1B7A1 /* BabyOptions.m */,
				D3C8F8FF2AAAC12200B1B7A1 /* BabyPeripheralManager.h */,
				D3C8F9042AAAC12200B1B7A1 /* BabyPeripheralManager.m */,
				D3C8F8FB2AAAC12200B1B7A1 /* BabyRhythm.h */,
				D3C8F9082AAAC12200B1B7A1 /* BabyRhythm.m */,
				D3C8F8FC2AAAC12200B1B7A1 /* BabySpeaker.h */,
				D3C8F9062AAAC12200B1B7A1 /* BabySpeaker.m */,
				D3C8F9072AAAC12200B1B7A1 /* BabyToy.h */,
				D3C8F8FD2AAAC12200B1B7A1 /* BabyToy.m */,
			);
			path = "babyBluetooth-bridging-for-swift";
			sourceTree = "<group>";
		};
		D3C8F91F2AAAF8E400B1B7A1 /* InterFont */ = {
			isa = PBXGroup;
			children = (
				D3C8F9202AAAF8FC00B1B7A1 /* Inter */,
			);
			path = InterFont;
			sourceTree = "<group>";
		};
		D3C8F9202AAAF8FC00B1B7A1 /* Inter */ = {
			isa = PBXGroup;
			children = (
				D3C8F9232AAAF8FC00B1B7A1 /* Inter-Medium.ttf */,
				D3C8F9242AAAF8FC00B1B7A1 /* Inter-Light.ttf */,
				D3C8F9252AAAF8FC00B1B7A1 /* Inter-Thin.ttf */,
				D3C8F9262AAAF8FC00B1B7A1 /* Inter-Bold.ttf */,
				D3C8F9272AAAF8FC00B1B7A1 /* Inter-Regular.ttf */,
				D3C8F9282AAAF8FC00B1B7A1 /* Inter-ExtraBold.ttf */,
				D3C8F9292AAAF8FC00B1B7A1 /* Inter-ExtraLight.ttf */,
				D3C8F92A2AAAF8FC00B1B7A1 /* Inter-Black.ttf */,
				D3C8F92B2AAAF8FC00B1B7A1 /* Inter-SemiBold.ttf */,
			);
			path = Inter;
			sourceTree = "<group>";
		};
		F51AA0F7DB2C00C7A0473AD9 /* Pods */ = {
			isa = PBXGroup;
			children = (
				1C4DC8761CDA77FE81FFB16F /* Pods-Anyfleet2310.debug.xcconfig */,
				87DAC047B06A7B414F512287 /* Pods-Anyfleet2310.release.xcconfig */,
			);
			path = Pods;
			sourceTree = "<group>";
		};
/* End PBXGroup section */

/* Begin PBXNativeTarget section */
		D3C8F8622AAAAA1900B1B7A1 /* Anyfleet2310 */ = {
			isa = PBXNativeTarget;
			buildConfigurationList = D3C8F8772AAAAA1A00B1B7A1 /* Build configuration list for PBXNativeTarget "Anyfleet2310" */;
			buildPhases = (
				961EFC9792B54B6CECE65C55 /* [CP] Check Pods Manifest.lock */,
				D3C8F85F2AAAAA1900B1B7A1 /* Sources */,
				D3C8F8602AAAAA1900B1B7A1 /* Frameworks */,
				D3C8F8612AAAAA1900B1B7A1 /* Resources */,
				F26A40362DC0AAC5917A24CD /* [CP] Embed Pods Frameworks */,
				F30A8A6E44E56A864919846F /* [CP] Copy Pods Resources */,
			);
			buildRules = (
			);
			dependencies = (
			);
			name = Anyfleet2310;
			productName = Anyfleet2310;
			productReference = D3C8F8632AAAAA1900B1B7A1 /* Anyfleet2310.app */;
			productType = "com.apple.product-type.application";
		};
/* End PBXNativeTarget section */

/* Begin PBXProject section */
		D3C8F85B2AAAAA1900B1B7A1 /* Project object */ = {
			isa = PBXProject;
			attributes = {
				BuildIndependentTargetsInParallel = 1;
				LastSwiftUpdateCheck = 1430;
				LastUpgradeCheck = 1430;
				TargetAttributes = {
					D3C8F8622AAAAA1900B1B7A1 = {
						CreatedOnToolsVersion = 14.3;
					};
				};
			};
			buildConfigurationList = D3C8F85E2AAAAA1900B1B7A1 /* Build configuration list for PBXProject "Anyfleet2310" */;
			compatibilityVersion = "Xcode 14.0";
			developmentRegion = en;
			hasScannedForEncodings = 0;
			knownRegions = (
				en,
				Base,
				"zh-Hans",
			);
			mainGroup = D3C8F85A2AAAAA1900B1B7A1;
			productRefGroup = D3C8F8642AAAAA1900B1B7A1 /* Products */;
			projectDirPath = "";
			projectRoot = "";
			targets = (
				D3C8F8622AAAAA1900B1B7A1 /* Anyfleet2310 */,
			);
		};
/* End PBXProject section */

/* Begin PBXResourcesBuildPhase section */
		D3C8F8612AAAAA1900B1B7A1 /* Resources */ = {
			isa = PBXResourcesBuildPhase;
			buildActionMask = 2147483647;
			files = (
				D3C8F8732AAAAA1A00B1B7A1 /* LaunchScreen.storyboard in Resources */,
				D3C8F87F2AAAADB500B1B7A1 /* localizable.strings in Resources */,
				D3C8F9312AAAF8FC00B1B7A1 /* Inter-Thin.ttf in Resources */,
				D3C8F9372AAAF8FC00B1B7A1 /* Inter-SemiBold.ttf in Resources */,
				D3C8F9302AAAF8FC00B1B7A1 /* Inter-Light.ttf in Resources */,
				D3C8F9352AAAF8FC00B1B7A1 /* Inter-ExtraLight.ttf in Resources */,
				D3C8F91D2AAAECC400B1B7A1 /* mqttConfiguration.plist in Resources */,
				D3C8F8702AAAAA1A00B1B7A1 /* Assets.xcassets in Resources */,
				D3C8F9322AAAF8FC00B1B7A1 /* Inter-Bold.ttf in Resources */,
				D3C8F92F2AAAF8FC00B1B7A1 /* Inter-Medium.ttf in Resources */,
				D3C8F9332AAAF8FC00B1B7A1 /* Inter-Regular.ttf in Resources */,
				D3C8F8842AAAAE1100B1B7A1 /* NetworkConfig.plist in Resources */,
				D3C8F9342AAAF8FC00B1B7A1 /* Inter-ExtraBold.ttf in Resources */,
				D3C8F9362AAAF8FC00B1B7A1 /* Inter-Black.ttf in Resources */,
			);
			runOnlyForDeploymentPostprocessing = 0;
		};
/* End PBXResourcesBuildPhase section */

/* Begin PBXShellScriptBuildPhase section */
		961EFC9792B54B6CECE65C55 /* [CP] Check Pods Manifest.lock */ = {
			isa = PBXShellScriptBuildPhase;
			buildActionMask = 2147483647;
			files = (
			);
			inputFileListPaths = (
			);
			inputPaths = (
				"${PODS_PODFILE_DIR_PATH}/Podfile.lock",
				"${PODS_ROOT}/Manifest.lock",
			);
			name = "[CP] Check Pods Manifest.lock";
			outputFileListPaths = (
			);
			outputPaths = (
				"$(DERIVED_FILE_DIR)/Pods-Anyfleet2310-checkManifestLockResult.txt",
			);
			runOnlyForDeploymentPostprocessing = 0;
			shellPath = /bin/sh;
			shellScript = "diff \"${PODS_PODFILE_DIR_PATH}/Podfile.lock\" \"${PODS_ROOT}/Manifest.lock\" > /dev/null\nif [ $? != 0 ] ; then\n    # print error to STDERR\n    echo \"error: The sandbox is not in sync with the Podfile.lock. Run 'pod install' or update your CocoaPods installation.\" >&2\n    exit 1\nfi\n# This output is used by Xcode 'outputs' to avoid re-running this script phase.\necho \"SUCCESS\" > \"${SCRIPT_OUTPUT_FILE_0}\"\n";
			showEnvVarsInLog = 0;
		};
		F26A40362DC0AAC5917A24CD /* [CP] Embed Pods Frameworks */ = {
			isa = PBXShellScriptBuildPhase;
			buildActionMask = 2147483647;
			files = (
			);
			inputFileListPaths = (
				"${PODS_ROOT}/Target Support Files/Pods-Anyfleet2310/Pods-Anyfleet2310-frameworks-${CONFIGURATION}-input-files.xcfilelist",
			);
			name = "[CP] Embed Pods Frameworks";
			outputFileListPaths = (
				"${PODS_ROOT}/Target Support Files/Pods-Anyfleet2310/Pods-Anyfleet2310-frameworks-${CONFIGURATION}-output-files.xcfilelist",
			);
			runOnlyForDeploymentPostprocessing = 0;
			shellPath = /bin/sh;
			shellScript = "\"${PODS_ROOT}/Target Support Files/Pods-Anyfleet2310/Pods-Anyfleet2310-frameworks.sh\"\n";
			showEnvVarsInLog = 0;
		};
		F30A8A6E44E56A864919846F /* [CP] Copy Pods Resources */ = {
			isa = PBXShellScriptBuildPhase;
			buildActionMask = 2147483647;
			files = (
			);
			inputFileListPaths = (
				"${PODS_ROOT}/Target Support Files/Pods-Anyfleet2310/Pods-Anyfleet2310-resources-${CONFIGURATION}-input-files.xcfilelist",
			);
			name = "[CP] Copy Pods Resources";
			outputFileListPaths = (
				"${PODS_ROOT}/Target Support Files/Pods-Anyfleet2310/Pods-Anyfleet2310-resources-${CONFIGURATION}-output-files.xcfilelist",
			);
			runOnlyForDeploymentPostprocessing = 0;
			shellPath = /bin/sh;
			shellScript = "\"${PODS_ROOT}/Target Support Files/Pods-Anyfleet2310/Pods-Anyfleet2310-resources.sh\"\n";
			showEnvVarsInLog = 0;
		};
/* End PBXShellScriptBuildPhase section */

/* Begin PBXSourcesBuildPhase section */
		D3C8F85F2AAAAA1900B1B7A1 /* Sources */ = {
			isa = PBXSourcesBuildPhase;
			buildActionMask = 2147483647;
			files = (
				D3C8F9152AAAC12200B1B7A1 /* BabyDefine.m in Sources */,
				D3C8F8BD2AAAB06400B1B7A1 /* MJBottomSheet.swift in Sources */,
				D3C8F8B02AAAB06400B1B7A1 /* BaseTableViewCell.swift in Sources */,
				D3C8F8B72AAAB06400B1B7A1 /* MJAuthorize.swift in Sources */,
				D3C8F8CF2AAAB16F00B1B7A1 /* MJMQTTManager.swift in Sources */,
				D3C8F8672AAAAA1900B1B7A1 /* AppDelegate.swift in Sources */,
				D3C8F8BB2AAAB06400B1B7A1 /* MJAutoScrollView.swift in Sources */,
				D3C8F8EB2AAAB26400B1B7A1 /* APNsModel.swift in Sources */,
				D3C8F8CC2AAAB16F00B1B7A1 /* MJLocationManager.swift in Sources */,
				D3C8F8D62AAAB22E00B1B7A1 /* UserInformation.swift in Sources */,
				D3C8F9112AAAC12200B1B7A1 /* BabyCentralManager.m in Sources */,
				D3C8F8962AAAB02400B1B7A1 /* NSDictionary+NSLog.m in Sources */,
				D3C8F90E2AAAC12200B1B7A1 /* BabyOptions.m in Sources */,
				D3C8F9122AAAC12200B1B7A1 /* BabySpeaker.m in Sources */,
				D3C8F8692AAAAA1900B1B7A1 /* SceneDelegate.swift in Sources */,
				D3C8F8CB2AAAB16F00B1B7A1 /* MJLanguageManager.swift in Sources */,
				D3C8F8F52AAAB35D00B1B7A1 /* NotificationViewController.swift in Sources */,
				D3C8F8E52AAAB26400B1B7A1 /* BaseLoginViewController.swift in Sources */,
				D3C8F8F72AAAB36800B1B7A1 /* MineViewController.swift in Sources */,
				D3C8F8B22AAAB06400B1B7A1 /* BaseTools.swift in Sources */,
				D3C8F91A2AAAC9D600B1B7A1 /* ELDPopView.swift in Sources */,
				D3C8F9132AAAC12200B1B7A1 /* BabyRhythm.m in Sources */,
				D3C8F8CD2AAAB16F00B1B7A1 /* MJBluetoothManager.swift in Sources */,
				D3C8F9142AAAC12200B1B7A1 /* BabyBluetooth.m in Sources */,
				D3C8F8B82AAAB06400B1B7A1 /* MJAlertView.swift in Sources */,
				D3C8F9192AAAC9D600B1B7A1 /* ELDAlertView.swift in Sources */,
				D3C8F8B52AAAB06400B1B7A1 /* BaseTableView.swift in Sources */,
				D3C8F8CE2AAAB16F00B1B7A1 /* Common.swift in Sources */,
				D3C8F8D02AAAB16F00B1B7A1 /* APPKEY.swift in Sources */,
				D3C8F8C12AAAB06400B1B7A1 /* BaseView.swift in Sources */,
				D3C8F8942AAAB02400B1B7A1 /* Notification+Extension.swift in Sources */,
				D3C8F8B42AAAB06400B1B7A1 /* BaseModel.swift in Sources */,
				D3C8F8BE2AAAB06400B1B7A1 /* MJButton.swift in Sources */,
				D3C8F8F32AAAB34800B1B7A1 /* VehicleViewController.swift in Sources */,
				D3C8F8EC2AAAB26400B1B7A1 /* LoginViewController.swift in Sources */,
				D3C8F9102AAAC12200B1B7A1 /* BabyPeripheralManager.m in Sources */,
				D3C8F8B62AAAB06400B1B7A1 /* BaseNavigationController.swift in Sources */,
				D3C8F8E62AAAB26400B1B7A1 /* WelcomeViewController.swift in Sources */,
				D3C8F90D2AAAC12200B1B7A1 /* BabyToy.m in Sources */,
				D3C8F8D82AAAB22E00B1B7A1 /* API.swift in Sources */,
				D3C8F8922AAAB02400B1B7A1 /* MJExtension.swift in Sources */,
				D3C8F90F2AAAC12200B1B7A1 /* BabyCallback.m in Sources */,
				D3C8F8D72AAAB22E00B1B7A1 /* ATWorker.swift in Sources */,
				D3C8F8D12AAAB16F00B1B7A1 /* AFNetwork.swift in Sources */,
				D3C8F8EA2AAAB26400B1B7A1 /* LoginModel.swift in Sources */,
				D3C8F8B92AAAB06400B1B7A1 /* MJTipView.swift in Sources */,
				D3C8F8AF2AAAB06400B1B7A1 /* BaseViewController.swift in Sources */,
				D3C8F8AE2AAAB06400B1B7A1 /* BaseCollectionView.swift in Sources */,
				D3C8F8C02AAAB06400B1B7A1 /* BaseTabBarViewController.swift in Sources */,
				D3C8F91B2AAAC9D600B1B7A1 /* ELDConnectionAlertView.swift in Sources */,
			);
			runOnlyForDeploymentPostprocessing = 0;
		};
/* End PBXSourcesBuildPhase section */

/* Begin PBXVariantGroup section */
		D3C8F8712AAAAA1A00B1B7A1 /* LaunchScreen.storyboard */ = {
			isa = PBXVariantGroup;
			children = (
				D3C8F8722AAAAA1A00B1B7A1 /* Base */,
			);
			name = LaunchScreen.storyboard;
			sourceTree = "<group>";
		};
		D3C8F87D2AAAADB500B1B7A1 /* localizable.strings */ = {
			isa = PBXVariantGroup;
			children = (
				D3C8F87E2AAAADB500B1B7A1 /* en */,
				D3C8F8802AAAADBF00B1B7A1 /* zh-Hans */,
			);
			name = localizable.strings;
			sourceTree = "<group>";
		};
/* End PBXVariantGroup section */

/* Begin XCBuildConfiguration section */
		D3C8F8752AAAAA1A00B1B7A1 /* Debug */ = {
			isa = XCBuildConfiguration;
			buildSettings = {
				ALWAYS_SEARCH_USER_PATHS = NO;
				CLANG_ANALYZER_NONNULL = YES;
				CLANG_ANALYZER_NUMBER_OBJECT_CONVERSION = YES_AGGRESSIVE;
				CLANG_CXX_LANGUAGE_STANDARD = "gnu++20";
				CLANG_ENABLE_MODULES = YES;
				CLANG_ENABLE_OBJC_ARC = YES;
				CLANG_ENABLE_OBJC_WEAK = YES;
				CLANG_WARN_BLOCK_CAPTURE_AUTORELEASING = YES;
				CLANG_WARN_BOOL_CONVERSION = YES;
				CLANG_WARN_COMMA = YES;
				CLANG_WARN_CONSTANT_CONVERSION = YES;
				CLANG_WARN_DEPRECATED_OBJC_IMPLEMENTATIONS = YES;
				CLANG_WARN_DIRECT_OBJC_ISA_USAGE = YES_ERROR;
				CLANG_WARN_DOCUMENTATION_COMMENTS = YES;
				CLANG_WARN_EMPTY_BODY = YES;
				CLANG_WARN_ENUM_CONVERSION = YES;
				CLANG_WARN_INFINITE_RECURSION = YES;
				CLANG_WARN_INT_CONVERSION = YES;
				CLANG_WARN_NON_LITERAL_NULL_CONVERSION = YES;
				CLANG_WARN_OBJC_IMPLICIT_RETAIN_SELF = YES;
				CLANG_WARN_OBJC_LITERAL_CONVERSION = YES;
				CLANG_WARN_OBJC_ROOT_CLASS = YES_ERROR;
				CLANG_WARN_QUOTED_INCLUDE_IN_FRAMEWORK_HEADER = YES;
				CLANG_WARN_RANGE_LOOP_ANALYSIS = YES;
				CLANG_WARN_STRICT_PROTOTYPES = YES;
				CLANG_WARN_SUSPICIOUS_MOVE = YES;
				CLANG_WARN_UNGUARDED_AVAILABILITY = YES_AGGRESSIVE;
				CLANG_WARN_UNREACHABLE_CODE = YES;
				CLANG_WARN__DUPLICATE_METHOD_MATCH = YES;
				COPY_PHASE_STRIP = NO;
				DEBUG_INFORMATION_FORMAT = dwarf;
				ENABLE_STRICT_OBJC_MSGSEND = YES;
				ENABLE_TESTABILITY = YES;
				GCC_C_LANGUAGE_STANDARD = gnu11;
				GCC_DYNAMIC_NO_PIC = NO;
				GCC_NO_COMMON_BLOCKS = YES;
				GCC_OPTIMIZATION_LEVEL = 0;
				GCC_PREPROCESSOR_DEFINITIONS = (
					"DEBUG=1",
					"$(inherited)",
				);
				GCC_WARN_64_TO_32_BIT_CONVERSION = YES;
				GCC_WARN_ABOUT_RETURN_TYPE = YES_ERROR;
				GCC_WARN_UNDECLARED_SELECTOR = YES;
				GCC_WARN_UNINITIALIZED_AUTOS = YES_AGGRESSIVE;
				GCC_WARN_UNUSED_FUNCTION = YES;
				GCC_WARN_UNUSED_VARIABLE = YES;
				IPHONEOS_DEPLOYMENT_TARGET = 13.0;
				MTL_ENABLE_DEBUG_INFO = INCLUDE_SOURCE;
				MTL_FAST_MATH = YES;
				ONLY_ACTIVE_ARCH = YES;
				SDKROOT = iphoneos;
				SWIFT_ACTIVE_COMPILATION_CONDITIONS = DEBUG;
				SWIFT_OPTIMIZATION_LEVEL = "-Onone";
			};
			name = Debug;
		};
		D3C8F8762AAAAA1A00B1B7A1 /* Release */ = {
			isa = XCBuildConfiguration;
			buildSettings = {
				ALWAYS_SEARCH_USER_PATHS = NO;
				CLANG_ANALYZER_NONNULL = YES;
				CLANG_ANALYZER_NUMBER_OBJECT_CONVERSION = YES_AGGRESSIVE;
				CLANG_CXX_LANGUAGE_STANDARD = "gnu++20";
				CLANG_ENABLE_MODULES = YES;
				CLANG_ENABLE_OBJC_ARC = YES;
				CLANG_ENABLE_OBJC_WEAK = YES;
				CLANG_WARN_BLOCK_CAPTURE_AUTORELEASING = YES;
				CLANG_WARN_BOOL_CONVERSION = YES;
				CLANG_WARN_COMMA = YES;
				CLANG_WARN_CONSTANT_CONVERSION = YES;
				CLANG_WARN_DEPRECATED_OBJC_IMPLEMENTATIONS = YES;
				CLANG_WARN_DIRECT_OBJC_ISA_USAGE = YES_ERROR;
				CLANG_WARN_DOCUMENTATION_COMMENTS = YES;
				CLANG_WARN_EMPTY_BODY = YES;
				CLANG_WARN_ENUM_CONVERSION = YES;
				CLANG_WARN_INFINITE_RECURSION = YES;
				CLANG_WARN_INT_CONVERSION = YES;
				CLANG_WARN_NON_LITERAL_NULL_CONVERSION = YES;
				CLANG_WARN_OBJC_IMPLICIT_RETAIN_SELF = YES;
				CLANG_WARN_OBJC_LITERAL_CONVERSION = YES;
				CLANG_WARN_OBJC_ROOT_CLASS = YES_ERROR;
				CLANG_WARN_QUOTED_INCLUDE_IN_FRAMEWORK_HEADER = YES;
				CLANG_WARN_RANGE_LOOP_ANALYSIS = YES;
				CLANG_WARN_STRICT_PROTOTYPES = YES;
				CLANG_WARN_SUSPICIOUS_MOVE = YES;
				CLANG_WARN_UNGUARDED_AVAILABILITY = YES_AGGRESSIVE;
				CLANG_WARN_UNREACHABLE_CODE = YES;
				CLANG_WARN__DUPLICATE_METHOD_MATCH = YES;
				COPY_PHASE_STRIP = NO;
				DEBUG_INFORMATION_FORMAT = "dwarf-with-dsym";
				ENABLE_NS_ASSERTIONS = NO;
				ENABLE_STRICT_OBJC_MSGSEND = YES;
				GCC_C_LANGUAGE_STANDARD = gnu11;
				GCC_NO_COMMON_BLOCKS = YES;
				GCC_WARN_64_TO_32_BIT_CONVERSION = YES;
				GCC_WARN_ABOUT_RETURN_TYPE = YES_ERROR;
				GCC_WARN_UNDECLARED_SELECTOR = YES;
				GCC_WARN_UNINITIALIZED_AUTOS = YES_AGGRESSIVE;
				GCC_WARN_UNUSED_FUNCTION = YES;
				GCC_WARN_UNUSED_VARIABLE = YES;
				IPHONEOS_DEPLOYMENT_TARGET = 13.0;
				MTL_ENABLE_DEBUG_INFO = NO;
				MTL_FAST_MATH = YES;
				SDKROOT = iphoneos;
				SWIFT_COMPILATION_MODE = wholemodule;
				SWIFT_OPTIMIZATION_LEVEL = "-O";
				VALIDATE_PRODUCT = YES;
			};
			name = Release;
		};
		D3C8F8782AAAAA1A00B1B7A1 /* Debug */ = {
			isa = XCBuildConfiguration;
			baseConfigurationReference = 1C4DC8761CDA77FE81FFB16F /* Pods-Anyfleet2310.debug.xcconfig */;
			buildSettings = {
				ASSETCATALOG_COMPILER_APPICON_NAME = AppIcon;
				ASSETCATALOG_COMPILER_GLOBAL_ACCENT_COLOR_NAME = AccentColor;
				CODE_SIGN_ENTITLEMENTS = Anyfleet2310/Anyfleet2310.entitlements;
				CODE_SIGN_IDENTITY = "Apple Development";
				CODE_SIGN_STYLE = Automatic;
				CURRENT_PROJECT_VERSION = 1;
				DEVELOPMENT_TEAM = HT7M4C6P3Y;
				"EXCLUDED_ARCHS[sdk=iphonesimulator*]" = arm64;
				GENERATE_INFOPLIST_FILE = YES;
				INFOPLIST_FILE = "Anyfleet2310/Supporting File/Info.plist";
				INFOPLIST_KEY_UIApplicationSupportsIndirectInputEvents = YES;
				INFOPLIST_KEY_UILaunchStoryboardName = LaunchScreen;
				INFOPLIST_KEY_UIStatusBarStyle = UIStatusBarStyleLightContent;
				INFOPLIST_KEY_UISupportedInterfaceOrientations = UIInterfaceOrientationPortrait;
				INFOPLIST_KEY_UISupportedInterfaceOrientations_iPad = "UIInterfaceOrientationLandscapeLeft UIInterfaceOrientationLandscapeRight UIInterfaceOrientationPortrait UIInterfaceOrientationPortraitUpsideDown";
				IPHONEOS_DEPLOYMENT_TARGET = 13.0;
				LD_RUNPATH_SEARCH_PATHS = (
					"$(inherited)",
					"@executable_path/Frameworks",
				);
				MARKETING_VERSION = 1.0;
				PRODUCT_BUNDLE_IDENTIFIER = Anytrek.com.Anyfleet2310;
				PRODUCT_NAME = "$(TARGET_NAME)";
				PROVISIONING_PROFILE_SPECIFIER = "";
				SUPPORTED_PLATFORMS = "iphoneos iphonesimulator";
				SUPPORTS_MACCATALYST = NO;
				SUPPORTS_MAC_DESIGNED_FOR_IPHONE_IPAD = NO;
				SWIFT_EMIT_LOC_STRINGS = YES;
				SWIFT_OBJC_BRIDGING_HEADER = "${SRCROOT}/${PROJECT_NAME}/Supporting File/AnyTrek-Bridging-Header.h";
				SWIFT_VERSION = 5.0;
				TARGETED_DEVICE_FAMILY = 1;
			};
			name = Debug;
		};
		D3C8F8792AAAAA1A00B1B7A1 /* Release */ = {
			isa = XCBuildConfiguration;
			baseConfigurationReference = 87DAC047B06A7B414F512287 /* Pods-Anyfleet2310.release.xcconfig */;
			buildSettings = {
				ASSETCATALOG_COMPILER_APPICON_NAME = AppIcon;
				ASSETCATALOG_COMPILER_GLOBAL_ACCENT_COLOR_NAME = AccentColor;
				CODE_SIGN_ENTITLEMENTS = Anyfleet2310/Anyfleet2310.entitlements;
				CODE_SIGN_IDENTITY = "Apple Development";
				CODE_SIGN_STYLE = Automatic;
				CURRENT_PROJECT_VERSION = 1;
				DEVELOPMENT_TEAM = HT7M4C6P3Y;
				"EXCLUDED_ARCHS[sdk=iphonesimulator*]" = arm64;
				GENERATE_INFOPLIST_FILE = YES;
				INFOPLIST_FILE = "Anyfleet2310/Supporting File/Info.plist";
				INFOPLIST_KEY_UIApplicationSupportsIndirectInputEvents = YES;
				INFOPLIST_KEY_UILaunchStoryboardName = LaunchScreen;
				INFOPLIST_KEY_UIStatusBarStyle = UIStatusBarStyleLightContent;
				INFOPLIST_KEY_UISupportedInterfaceOrientations = UIInterfaceOrientationPortrait;
				INFOPLIST_KEY_UISupportedInterfaceOrientations_iPad = "UIInterfaceOrientationLandscapeLeft UIInterfaceOrientationLandscapeRight UIInterfaceOrientationPortrait UIInterfaceOrientationPortraitUpsideDown";
				IPHONEOS_DEPLOYMENT_TARGET = 13.0;
				LD_RUNPATH_SEARCH_PATHS = (
					"$(inherited)",
					"@executable_path/Frameworks",
				);
				MARKETING_VERSION = 1.0;
				PRODUCT_BUNDLE_IDENTIFIER = Anytrek.com.Anyfleet2310;
				PRODUCT_NAME = "$(TARGET_NAME)";
				PROVISIONING_PROFILE_SPECIFIER = "";
				SUPPORTED_PLATFORMS = "iphoneos iphonesimulator";
				SUPPORTS_MACCATALYST = NO;
				SUPPORTS_MAC_DESIGNED_FOR_IPHONE_IPAD = NO;
				SWIFT_EMIT_LOC_STRINGS = YES;
				SWIFT_OBJC_BRIDGING_HEADER = "${SRCROOT}/${PROJECT_NAME}/Supporting File/AnyTrek-Bridging-Header.h";
				SWIFT_VERSION = 5.0;
				TARGETED_DEVICE_FAMILY = 1;
			};
			name = Release;
		};
/* End XCBuildConfiguration section */

/* Begin XCConfigurationList section */
		D3C8F85E2AAAAA1900B1B7A1 /* Build configuration list for PBXProject "Anyfleet2310" */ = {
			isa = XCConfigurationList;
			buildConfigurations = (
				D3C8F8752AAAAA1A00B1B7A1 /* Debug */,
				D3C8F8762AAAAA1A00B1B7A1 /* Release */,
			);
			defaultConfigurationIsVisible = 0;
			defaultConfigurationName = Release;
		};
		D3C8F8772AAAAA1A00B1B7A1 /* Build configuration list for PBXNativeTarget "Anyfleet2310" */ = {
			isa = XCConfigurationList;
			buildConfigurations = (
				D3C8F8782AAAAA1A00B1B7A1 /* Debug */,
				D3C8F8792AAAAA1A00B1B7A1 /* Release */,
			);
			defaultConfigurationIsVisible = 0;
			defaultConfigurationName = Release;
		};
/* End XCConfigurationList section */
	};
	rootObject = D3C8F85B2AAAAA1900B1B7A1 /* Project object */;
}
